
Microsoft Visual Studio Solution File, Format Version 12.00
# Visual Studio 2015
Project("{FAE04EC0-301F-11D3-BF4B-00C04F79EFBC}") = "UnityLuaGenerator.CSharp.Plugins", "UnityLuaGenerator.CSharp.Plugins.csproj", "{B3CFCA51-C6EC-CCB4-3972-1C6F0FB3EBF1}"
EndProject
Project("{FAE04EC0-301F-11D3-BF4B-00C04F79EFBC}") = "UnityLuaGenerator.CSharp", "UnityLuaGenerator.CSharp.csproj", "{CEA43F00-0B8F-5121-0C62-B1C475BDA1F5}"
EndProject
Project("{FAE04EC0-301F-11D3-BF4B-00C04F79EFBC}") = "UnityLuaGenerator.CSharp.Editor", "UnityLuaGenerator.CSharp.Editor.csproj", "{09275245-AB30-270B-5B7A-EC794774059B}"
EndProject
Global
	GlobalSection(SolutionConfigurationPlatforms) = preSolution
		Debug|Any CPU = Debug|Any CPU
		Release|Any CPU = Release|Any CPU
	EndGlobalSection
	GlobalSection(ProjectConfigurationPlatforms) = postSolution
		{B3CFCA51-C6EC-CCB4-3972-1C6F0FB3EBF1}.Debug|Any CPU.ActiveCfg = Debug|Any CPU
		{B3CFCA51-C6EC-CCB4-3972-1C6F0FB3EBF1}.Debug|Any CPU.Build.0 = Debug|Any CPU
		{B3CFCA51-C6EC-CCB4-3972-1C6F0FB3EBF1}.Release|Any CPU.ActiveCfg = Release|Any CPU
		{B3CFCA51-C6EC-CCB4-3972-1C6F0FB3EBF1}.Release|Any CPU.Build.0 = Release|Any CPU
		{CEA43F00-0B8F-5121-0C62-B1C475BDA1F5}.Debug|Any CPU.ActiveCfg = Debug|Any CPU
		{CEA43F00-0B8F-5121-0C62-B1C475BDA1F5}.Debug|Any CPU.Build.0 = Debug|Any CPU
		{CEA43F00-0B8F-5121-0C62-B1C475BDA1F5}.Release|Any CPU.ActiveCfg = Release|Any CPU
		{CEA43F00-0B8F-5121-0C62-B1C475BDA1F5}.Release|Any CPU.Build.0 = Release|Any CPU
		{09275245-AB30-270B-5B7A-EC794774059B}.Debug|Any CPU.ActiveCfg = Debug|Any CPU
		{09275245-AB30-270B-5B7A-EC794774059B}.Debug|Any CPU.Build.0 = Debug|Any CPU
		{09275245-AB30-270B-5B7A-EC794774059B}.Release|Any CPU.ActiveCfg = Release|Any CPU
		{09275245-AB30-270B-5B7A-EC794774059B}.Release|Any CPU.Build.0 = Release|Any CPU
	EndGlobalSection
	GlobalSection(SolutionProperties) = preSolution
		HideSolutionNode = FALSE
	EndGlobalSection
EndGlobal
